
Microsoft Visual Studio Solution File, Format Version 12.00
# Visual Studio Version 17
VisualStudioVersion = 17.5.33530.505
MinimumVisualStudioVersion = 10.0.40219.1
Project("{9A19103F-16F7-4668-BE54-9A1E7A4F7556}") = "Online_Recruitment_Platform_API", "Online_Recruitment_Platform_API\Online_Recruitment_Platform_API.csproj", "{C3D3228A-5161-4733-8697-D3C5408DF485}"
EndProject
Project("{9A19103F-16F7-4668-BE54-9A1E7A4F7556}") = "BussinessLayer", "BussinessLayer\BussinessLayer.csproj", "{B1E8F6A7-53F3-4D64-9FF2-051219983FBF}"
EndProject
Project("{9A19103F-16F7-4668-BE54-9A1E7A4F7556}") = "DataAccessLayer(DAL)", "DataAccessLayer(DAL)\DataAccessLayer(DAL).csproj", "{EC1E6A89-96D0-4FEB-B0B3-A467BC4204E0}"
EndProject
Global
	GlobalSection(SolutionConfigurationPlatforms) = preSolution
		Debug|Any CPU = Debug|Any CPU
		Release|Any CPU = Release|Any CPU
	EndGlobalSection
	GlobalSection(ProjectConfigurationPlatforms) = postSolution
		{C3D3228A-5161-4733-8697-D3C5408DF485}.Debug|Any CPU.ActiveCfg = Debug|Any CPU
		{C3D3228A-5161-4733-8697-D3C5408DF485}.Debug|Any CPU.Build.0 = Debug|Any CPU
		{C3D3228A-5161-4733-8697-D3C5408DF485}.Release|Any CPU.ActiveCfg = Release|Any CPU
		{C3D3228A-5161-4733-8697-D3C5408DF485}.Release|Any CPU.Build.0 = Release|Any CPU
		{B1E8F6A7-53F3-4D64-9FF2-051219983FBF}.Debug|Any CPU.ActiveCfg = Debug|Any CPU
		{B1E8F6A7-53F3-4D64-9FF2-051219983FBF}.Debug|Any CPU.Build.0 = Debug|Any CPU
		{B1E8F6A7-53F3-4D64-9FF2-051219983FBF}.Release|Any CPU.ActiveCfg = Release|Any CPU
		{B1E8F6A7-53F3-4D64-9FF2-051219983FBF}.Release|Any CPU.Build.0 = Release|Any CPU
		{EC1E6A89-96D0-4FEB-B0B3-A467BC4204E0}.Debug|Any CPU.ActiveCfg = Debug|Any CPU
		{EC1E6A89-96D0-4FEB-B0B3-A467BC4204E0}.Debug|Any CPU.Build.0 = Debug|Any CPU
		{EC1E6A89-96D0-4FEB-B0B3-A467BC4204E0}.Release|Any CPU.ActiveCfg = Release|Any CPU
		{EC1E6A89-96D0-4FEB-B0B3-A467BC4204E0}.Release|Any CPU.Build.0 = Release|Any CPU
	EndGlobalSection
	GlobalSection(SolutionProperties) = preSolution
		HideSolutionNode = FALSE
	EndGlobalSection
	GlobalSection(ExtensibilityGlobals) = postSolution
		        SolutionGuid = {BEBEE523-4E5D-411C-A92B-85685B3719B6}
	EndGlobalSection
EndGlobal
