
Microsoft Visual Studio Solution File, Format Version 12.00
# Visual Studio Version 17
VisualStudioVersion = 17.5.33530.505
MinimumVisualStudioVersion = 10.0.40219.1
Project("{FAE04EC0-301F-11D3-BF4B-00C04F79EFBC}") = "User.Management.Service", "User.Management.Service.csproj", "{D6FA8B32-3212-4162-B4C7-EFBAEBA56090}"
EndProject
Global
	GlobalSection(SolutionConfigurationPlatforms) = preSolution
		Debug|Any CPU = Debug|Any CPU
		Release|Any CPU = Release|Any CPU
	EndGlobalSection
	GlobalSection(ProjectConfigurationPlatforms) = postSolution
		{D6FA8B32-3212-4162-B4C7-EFBAEBA56090}.Debug|Any CPU.ActiveCfg = Debug|Any CPU
		{D6FA8B32-3212-4162-B4C7-EFBAEBA56090}.Debug|Any CPU.Build.0 = Debug|Any CPU
		{D6FA8B32-3212-4162-B4C7-EFBAEBA56090}.Release|Any CPU.ActiveCfg = Release|Any CPU
		{D6FA8B32-3212-4162-B4C7-EFBAEBA56090}.Release|Any CPU.Build.0 = Release|Any CPU
	EndGlobalSection
	GlobalSection(SolutionProperties) = preSolution
		HideSolutionNode = FALSE
	EndGlobalSection
	GlobalSection(ExtensibilityGlobals) = postSolution
		SolutionGuid = {01C188BC-E5B1-4FDE-BB9D-528C36DEE639}
	EndGlobalSection
EndGlobal
